Microsoft Visual Studio Solution File, Format Version 12.00
# Visual Studio 15
VisualStudioVersion = 15.0.28307.168
MinimumVisualStudioVersion = 10.0.40219.1
Project("{8BC9CEB8-8B4A-11D0-8D11-00A0C91BC942}") = "1964", "1964.vcxproj", "{9B3935DB-768E-497D-A5DA-0C9E52E7998B}"
EndProject
Global
	GlobalSection(SolutionConfigurationPlatforms) = preSolution
		Debug|Default = Debug|Default
		Release Opcode Debugger|Default = Release Opcode Debugger|Default
		Release with .NET Debugging|Default = Release with .NET Debugging|Default
		Release|Default = Release|Default
	EndGlobalSection
	GlobalSection(ProjectConfigurationPlatforms) = postSolution
		{9B3935DB-768E-497D-A5DA-0C9E52E7998B}.Debug|Default.ActiveCfg = Debug|Win32
		{9B3935DB-768E-497D-A5DA-0C9E52E7998B}.Debug|Default.Build.0 = Debug|Win32
		{9B3935DB-768E-497D-A5DA-0C9E52E7998B}.Release Opcode Debugger|Default.ActiveCfg = Release Opcode Debugger|Win32
		{9B3935DB-768E-497D-A5DA-0C9E52E7998B}.Release Opcode Debugger|Default.Build.0 = Release Opcode Debugger|Win32
		{9B3935DB-768E-497D-A5DA-0C9E52E7998B}.Release with .NET Debugging|Default.ActiveCfg = Release with .NET Debugging|Win32
		{9B3935DB-768E-497D-A5DA-0C9E52E7998B}.Release with .NET Debugging|Default.Build.0 = Release with .NET Debugging|Win32
		{9B3935DB-768E-497D-A5DA-0C9E52E7998B}.Release|Default.ActiveCfg = Release|Win32
		{9B3935DB-768E-497D-A5DA-0C9E52E7998B}.Release|Default.Build.0 = Release|Win32
	EndGlobalSection
	GlobalSection(SolutionProperties) = preSolution
		HideSolutionNode = FALSE
	EndGlobalSection
	GlobalSection(ExtensibilityGlobals) = postSolution
		SolutionGuid = {F60A580C-FC22-4400-85DE-8A6C7039E54B}
	EndGlobalSection
EndGlobal
